
Microsoft Visual Studio Solution File, Format Version 12.00
# Visual Studio 2013
VisualStudioVersion = 12.0.31101.0
MinimumVisualStudioVersion = 10.0.40219.1
Project("{FAE04EC0-301F-11D3-BF4B-00C04F79EFBC}") = "STS.FederationProvider", "STS.FederationProvider\STS.FederationProvider.csproj", "{5C3BA5DE-98EA-49A2-9C4D-93425214AB91}"
EndProject
Project("{E24C65DC-7377-472B-9ABA-BC803B73C61A}") = "STS.RP.Static.Angular", "http://localhost:50913", "{E78A2ADB-AB9E-4F60-85E4-0858B47BCBAA}"
	ProjectSection(WebsiteProperties) = preProject
		UseIISExpress = "true"
		TargetFrameworkMoniker = ".NETFramework,Version%3Dv4.5"
		ProjectReferences = "{14d3daf9-98a5-4e00-bbe8-0dd178d586f1}|STS.Simple.Core.dll;{9f631fe9-bb3d-4d45-90fa-c649556cd769}|STS.RP.WebApi1.dll;{836738C4-F69C-435C-A2E6-BE875FF6FD2F}|STS.BearerAuthenticationModule.dll;{93F691CB-5B9D-4437-93A6-B4DBE59AF0C6}|STS.MixedAuthenticationModule.dll;"
		Debug.AspNetCompiler.VirtualPath = "/localhost_50913"
		Debug.AspNetCompiler.PhysicalPath = "STS.RP.Static.Angular\"
		Debug.AspNetCompiler.TargetPath = "PrecompiledWeb\localhost_50913\"
		Debug.AspNetCompiler.Updateable = "true"
		Debug.AspNetCompiler.ForceOverwrite = "true"
		Debug.AspNetCompiler.FixedNames = "false"
		Debug.AspNetCompiler.Debug = "True"
		Release.AspNetCompiler.VirtualPath = "/localhost_50913"
		Release.AspNetCompiler.PhysicalPath = "STS.RP.Static.Angular\"
		Release.AspNetCompiler.TargetPath = "PrecompiledWeb\localhost_50913\"
		Release.AspNetCompiler.Updateable = "true"
		Release.AspNetCompiler.ForceOverwrite = "true"
		Release.AspNetCompiler.FixedNames = "false"
		Release.AspNetCompiler.Debug = "False"
		SlnRelativePath = "STS.RP.Static.Angular\"
		DefaultWebSiteLanguage = "Visual C#"
	EndProjectSection
EndProject
Project("{FAE04EC0-301F-11D3-BF4B-00C04F79EFBC}") = "STS.IdentityProvider", "STS.IdentityProvider\STS.IdentityProvider.csproj", "{8E20A60E-308A-4C17-AEA9-610444AD0918}"
EndProject
Project("{FAE04EC0-301F-11D3-BF4B-00C04F79EFBC}") = "STS.Simple.Core", "STS.Simple.Core\STS.Simple.Core.csproj", "{14D3DAF9-98A5-4E00-BBE8-0DD178D586F1}"
EndProject
Project("{FAE04EC0-301F-11D3-BF4B-00C04F79EFBC}") = "STS.RP.WebApi", "STS.RP.WebApi\STS.RP.WebApi.csproj", "{4B1554E3-EA11-4D25-A71F-3610251D281F}"
EndProject
Project("{2150E333-8FDC-42A3-9474-1A3956D46DE8}") = "Configuration", "Configuration", "{2412011C-4780-4854-87C4-BF8E32D8307D}"
	ProjectSection(SolutionItems) = preProject
		Auth.config = Auth.config
	EndProjectSection
EndProject
Project("{FAE04EC0-301F-11D3-BF4B-00C04F79EFBC}") = "STS.RP.WebApi1", "STS.RP.WebApi1\STS.RP.WebApi1.csproj", "{9F631FE9-BB3D-4D45-90FA-C649556CD769}"
EndProject
Project("{FAE04EC0-301F-11D3-BF4B-00C04F79EFBC}") = "STS.CrossService", "STS.CrossService\STS.CrossService.csproj", "{FC57A032-83EC-4958-A554-830EFF169979}"
EndProject
Project("{FAE04EC0-301F-11D3-BF4B-00C04F79EFBC}") = "STS.CrossService.IP", "STS.CrossService.IP\STS.CrossService.IP.csproj", "{D1671C55-F441-4B35-AA87-7271164BC3AD}"
EndProject
Project("{FAE04EC0-301F-11D3-BF4B-00C04F79EFBC}") = "STS.BearerAuthenticationModule", "STS.BearerAuthenticationModule\STS.BearerAuthenticationModule.csproj", "{836738C4-F69C-435C-A2E6-BE875FF6FD2F}"
EndProject
Project("{FAE04EC0-301F-11D3-BF4B-00C04F79EFBC}") = "STS.MixedAuthenticationModule", "STS.MixedAuthenticationModule\STS.MixedAuthenticationModule.csproj", "{93F691CB-5B9D-4437-93A6-B4DBE59AF0C6}"
EndProject
Global
	GlobalSection(SolutionConfigurationPlatforms) = preSolution
		Debug|Any CPU = Debug|Any CPU
		Release|Any CPU = Release|Any CPU
	EndGlobalSection
	GlobalSection(ProjectConfigurationPlatforms) = postSolution
		{5C3BA5DE-98EA-49A2-9C4D-93425214AB91}.Debug|Any CPU.ActiveCfg = Debug|Any CPU
		{5C3BA5DE-98EA-49A2-9C4D-93425214AB91}.Debug|Any CPU.Build.0 = Debug|Any CPU
		{5C3BA5DE-98EA-49A2-9C4D-93425214AB91}.Release|Any CPU.ActiveCfg = Release|Any CPU
		{5C3BA5DE-98EA-49A2-9C4D-93425214AB91}.Release|Any CPU.Build.0 = Release|Any CPU
		{E78A2ADB-AB9E-4F60-85E4-0858B47BCBAA}.Debug|Any CPU.ActiveCfg = Debug|Any CPU
		{E78A2ADB-AB9E-4F60-85E4-0858B47BCBAA}.Debug|Any CPU.Build.0 = Debug|Any CPU
		{E78A2ADB-AB9E-4F60-85E4-0858B47BCBAA}.Release|Any CPU.ActiveCfg = Debug|Any CPU
		{E78A2ADB-AB9E-4F60-85E4-0858B47BCBAA}.Release|Any CPU.Build.0 = Debug|Any CPU
		{8E20A60E-308A-4C17-AEA9-610444AD0918}.Debug|Any CPU.ActiveCfg = Debug|Any CPU
		{8E20A60E-308A-4C17-AEA9-610444AD0918}.Debug|Any CPU.Build.0 = Debug|Any CPU
		{8E20A60E-308A-4C17-AEA9-610444AD0918}.Release|Any CPU.ActiveCfg = Release|Any CPU
		{8E20A60E-308A-4C17-AEA9-610444AD0918}.Release|Any CPU.Build.0 = Release|Any CPU
		{14D3DAF9-98A5-4E00-BBE8-0DD178D586F1}.Debug|Any CPU.ActiveCfg = Debug|Any CPU
		{14D3DAF9-98A5-4E00-BBE8-0DD178D586F1}.Debug|Any CPU.Build.0 = Debug|Any CPU
		{14D3DAF9-98A5-4E00-BBE8-0DD178D586F1}.Release|Any CPU.ActiveCfg = Release|Any CPU
		{14D3DAF9-98A5-4E00-BBE8-0DD178D586F1}.Release|Any CPU.Build.0 = Release|Any CPU
		{4B1554E3-EA11-4D25-A71F-3610251D281F}.Debug|Any CPU.ActiveCfg = Debug|Any CPU
		{4B1554E3-EA11-4D25-A71F-3610251D281F}.Debug|Any CPU.Build.0 = Debug|Any CPU
		{4B1554E3-EA11-4D25-A71F-3610251D281F}.Release|Any CPU.ActiveCfg = Release|Any CPU
		{4B1554E3-EA11-4D25-A71F-3610251D281F}.Release|Any CPU.Build.0 = Release|Any CPU
		{9F631FE9-BB3D-4D45-90FA-C649556CD769}.Debug|Any CPU.ActiveCfg = Debug|Any CPU
		{9F631FE9-BB3D-4D45-90FA-C649556CD769}.Debug|Any CPU.Build.0 = Debug|Any CPU
		{9F631FE9-BB3D-4D45-90FA-C649556CD769}.Release|Any CPU.ActiveCfg = Release|Any CPU
		{9F631FE9-BB3D-4D45-90FA-C649556CD769}.Release|Any CPU.Build.0 = Release|Any CPU
		{FC57A032-83EC-4958-A554-830EFF169979}.Debug|Any CPU.ActiveCfg = Debug|Any CPU
		{FC57A032-83EC-4958-A554-830EFF169979}.Debug|Any CPU.Build.0 = Debug|Any CPU
		{FC57A032-83EC-4958-A554-830EFF169979}.Release|Any CPU.ActiveCfg = Release|Any CPU
		{FC57A032-83EC-4958-A554-830EFF169979}.Release|Any CPU.Build.0 = Release|Any CPU
		{D1671C55-F441-4B35-AA87-7271164BC3AD}.Debug|Any CPU.ActiveCfg = Debug|Any CPU
		{D1671C55-F441-4B35-AA87-7271164BC3AD}.Debug|Any CPU.Build.0 = Debug|Any CPU
		{D1671C55-F441-4B35-AA87-7271164BC3AD}.Release|Any CPU.ActiveCfg = Release|Any CPU
		{D1671C55-F441-4B35-AA87-7271164BC3AD}.Release|Any CPU.Build.0 = Release|Any CPU
		{836738C4-F69C-435C-A2E6-BE875FF6FD2F}.Debug|Any CPU.ActiveCfg = Debug|Any CPU
		{836738C4-F69C-435C-A2E6-BE875FF6FD2F}.Debug|Any CPU.Build.0 = Debug|Any CPU
		{836738C4-F69C-435C-A2E6-BE875FF6FD2F}.Release|Any CPU.ActiveCfg = Release|Any CPU
		{836738C4-F69C-435C-A2E6-BE875FF6FD2F}.Release|Any CPU.Build.0 = Release|Any CPU
		{93F691CB-5B9D-4437-93A6-B4DBE59AF0C6}.Debug|Any CPU.ActiveCfg = Debug|Any CPU
		{93F691CB-5B9D-4437-93A6-B4DBE59AF0C6}.Debug|Any CPU.Build.0 = Debug|Any CPU
		{93F691CB-5B9D-4437-93A6-B4DBE59AF0C6}.Release|Any CPU.ActiveCfg = Release|Any CPU
		{93F691CB-5B9D-4437-93A6-B4DBE59AF0C6}.Release|Any CPU.Build.0 = Release|Any CPU
	EndGlobalSection
	GlobalSection(SolutionProperties) = preSolution
		HideSolutionNode = FALSE
	EndGlobalSection
EndGlobal
